
Microsoft Visual Studio Solution File, Format Version 12.00
# Visual Studio 15
VisualStudioVersion = 15.0.28307.106
MinimumVisualStudioVersion = 10.0.40219.1
Project("{FAE04EC0-301F-11D3-BF4B-00C04F79EFBC}") = "TaskManager.NBench", "TaskManager.NBench\TaskManager.NBench.csproj", "{3410FDA9-3823-4F3C-BCAC-E6312C5DE71C}"
EndProject
Global
	GlobalSection(SolutionConfigurationPlatforms) = preSolution
		Debug|Any CPU = Debug|Any CPU
		Release|Any CPU = Release|Any CPU
	EndGlobalSection
	GlobalSection(ProjectConfigurationPlatforms) = postSolution
		{3410FDA9-3823-4F3C-BCAC-E6312C5DE71C}.Debug|Any CPU.ActiveCfg = Debug|Any CPU
		{3410FDA9-3823-4F3C-BCAC-E6312C5DE71C}.Debug|Any CPU.Build.0 = Debug|Any CPU
		{3410FDA9-3823-4F3C-BCAC-E6312C5DE71C}.Release|Any CPU.ActiveCfg = Release|Any CPU
		{3410FDA9-3823-4F3C-BCAC-E6312C5DE71C}.Release|Any CPU.Build.0 = Release|Any CPU
	EndGlobalSection
	GlobalSection(SolutionProperties) = preSolution
		HideSolutionNode = FALSE
	EndGlobalSection
	GlobalSection(ExtensibilityGlobals) = postSolution
		SolutionGuid = {A81578AB-F2A8-40FF-9C5B-2475465ED745}
	EndGlobalSection
EndGlobal
